// !$*UTF8*$!
{
	archiveVersion = 1;
	classes = {
	};
	objectVersion = 46;
	objects = {

/* Begin PBXBuildFile section */
		3757DB901E1B764D00295A6C /* AppDelegate.swift in Sources */ = {isa = PBXBuildFile; fileRef = 3757DB8F1E1B764D00295A6C /* AppDelegate.swift */; };
		3757DB951E1B764D00295A6C /* Main.storyboard in Resources */ = {isa = PBXBuildFile; fileRef = 3757DB931E1B764D00295A6C /* Main.storyboard */; };
		3757DB971E1B764D00295A6C /* Assets.xcassets in Resources */ = {isa = PBXBuildFile; fileRef = 3757DB961E1B764D00295A6C /* Assets.xcassets */; };
		3757DB9A1E1B764D00295A6C /* LaunchScreen.storyboard in Resources */ = {isa = PBXBuildFile; fileRef = 3757DB981E1B764D00295A6C /* LaunchScreen.storyboard */; };
		3757DBA41E1B780600295A6C /* CurrentWeather.swift in Sources */ = {isa = PBXBuildFile; fileRef = 3757DBA31E1B780600295A6C /* CurrentWeather.swift */; };
		3757DBA61E1B780D00295A6C /* Forecast.swift in Sources */ = {isa = PBXBuildFile; fileRef = 3757DBA51E1B780D00295A6C /* Forecast.swift */; };
		3757DBA81E1B781300295A6C /* WeatherCell.swift in Sources */ = {isa = PBXBuildFile; fileRef = 3757DBA71E1B781300295A6C /* WeatherCell.swift */; };
		3757DBAA1E1B781F00295A6C /* WeatherVC.swift in Sources */ = {isa = PBXBuildFile; fileRef = 3757DBA91E1B781F00295A6C /* WeatherVC.swift */; };
		376C536C1E56848E0055BE08 /* Myriad Pro Regular.ttf in Resources */ = {isa = PBXBuildFile; fileRef = 376C536A1E5670050055BE08 /* Myriad Pro Regular.ttf */; };
		376C536D1E56848E0055BE08 /* Myriad Pro Italic.ttf in Resources */ = {isa = PBXBuildFile; fileRef = 376C53691E5670050055BE08 /* Myriad Pro Italic.ttf */; };
		376C536E1E56848E0055BE08 /* Myriad Pro Bold.ttf in Resources */ = {isa = PBXBuildFile; fileRef = 376C53681E5670050055BE08 /* Myriad Pro Bold.ttf */; };
		376C53901E5E7D630055BE08 /* NextDaysVC.swift in Sources */ = {isa = PBXBuildFile; fileRef = 376C538F1E5E7D630055BE08 /* NextDaysVC.swift */; };
		376C53921E5E7DED0055BE08 /* TodaysVC.swift in Sources */ = {isa = PBXBuildFile; fileRef = 376C53911E5E7DED0055BE08 /* TodaysVC.swift */; };
		376C54041E666D300055BE08 /* WeatherAPI.swift in Sources */ = {isa = PBXBuildFile; fileRef = 376C54031E666D300055BE08 /* WeatherAPI.swift */; };
		376C54081E666FFB0055BE08 /* WeatherReport.swift in Sources */ = {isa = PBXBuildFile; fileRef = 376C54071E666FFB0055BE08 /* WeatherReport.swift */; };
		376C540A1E6673FA0055BE08 /* WeatherAPI+CurrentWeather.swift in Sources */ = {isa = PBXBuildFile; fileRef = 376C54091E6673FA0055BE08 /* WeatherAPI+CurrentWeather.swift */; };
		376C540C1E667B960055BE08 /* WeatherAPI+Forecast.swift in Sources */ = {isa = PBXBuildFile; fileRef = 376C540B1E667B960055BE08 /* WeatherAPI+Forecast.swift */; };
		37AA731E1E48225B00FB94CE /* Localizable.strings in Resources */ = {isa = PBXBuildFile; fileRef = 37AA731C1E48225B00FB94CE /* Localizable.strings */; };
		37CA8DF11E6FBDA400055AFB /* WeatherDetails.swift in Sources */ = {isa = PBXBuildFile; fileRef = 37CA8DF01E6FBDA400055AFB /* WeatherDetails.swift */; };
		37CA8DF31E6FC02600055AFB /* WeatherAPI+WeatherDetails.swift in Sources */ = {isa = PBXBuildFile; fileRef = 37CA8DF21E6FC02600055AFB /* WeatherAPI+WeatherDetails.swift */; };
		37E4933A1E78BD4C002C1885 /* WeatherDetailsVC.swift in Sources */ = {isa = PBXBuildFile; fileRef = 37E493391E78BD4C002C1885 /* WeatherDetailsVC.swift */; };
		37E4933C1E78C055002C1885 /* InfoDayVC.swift in Sources */ = {isa = PBXBuildFile; fileRef = 37E4933B1E78C055002C1885 /* InfoDayVC.swift */; };
		37E4933E1E78C075002C1885 /* DetailsDayVC.swift in Sources */ = {isa = PBXBuildFile; fileRef = 37E4933D1E78C075002C1885 /* DetailsDayVC.swift */; };
		37E493411E7A6CCF002C1885 /* DetailsCell.swift in Sources */ = {isa = PBXBuildFile; fileRef = 37E493401E7A6CCF002C1885 /* DetailsCell.swift */; };
		59927C4668657785F230E530 /* Pods_TimeWeather.framework in Frameworks */ = {isa = PBXBuildFile; fileRef = ABFB0FAB89B5C4012F5C07C8 /* Pods_TimeWeather.framework */; };
/* End PBXBuildFile section */

/* Begin PBXFileReference section */
		370CEF341E49856D00D06DBB /* pt-BR */ = {isa = PBXFileReference; lastKnownFileType = text.plist.strings; name = "pt-BR"; path = "pt-BR.lproj/LaunchScreen.strings"; sourceTree = "<group>"; };
		3757DB8C1E1B764D00295A6C /* TimeWeather.app */ = {isa = PBXFileReference; explicitFileType = wrapper.application; includeInIndex = 0; path = TimeWeather.app; sourceTree = BUILT_PRODUCTS_DIR; };
		3757DB8F1E1B764D00295A6C /* AppDelegate.swift */ = {isa = PBXFileReference; lastKnownFileType = sourcecode.swift; path = AppDelegate.swift; sourceTree = "<group>"; };
		3757DB941E1B764D00295A6C /* Base */ = {isa = PBXFileReference; lastKnownFileType = file.storyboard; name = Base; path = Base.lproj/Main.storyboard; sourceTree = "<group>"; };
		3757DB961E1B764D00295A6C /* Assets.xcassets */ = {isa = PBXFileReference; lastKnownFileType = folder.assetcatalog; path = Assets.xcassets; sourceTree = "<group>"; };
		3757DB991E1B764D00295A6C /* Base */ = {isa = PBXFileReference; lastKnownFileType = file.storyboard; name = Base; path = Base.lproj/LaunchScreen.storyboard; sourceTree = "<group>"; };
		3757DB9B1E1B764D00295A6C /* Info.plist */ = {isa = PBXFileReference; lastKnownFileType = text.plist.xml; path = Info.plist; sourceTree = "<group>"; };
		3757DBA31E1B780600295A6C /* CurrentWeather.swift */ = {isa = PBXFileReference; fileEncoding = 4; lastKnownFileType = sourcecode.swift; path = CurrentWeather.swift; sourceTree = "<group>"; };
		3757DBA51E1B780D00295A6C /* Forecast.swift */ = {isa = PBXFileReference; fileEncoding = 4; lastKnownFileType = sourcecode.swift; path = Forecast.swift; sourceTree = "<group>"; };
		3757DBA71E1B781300295A6C /* WeatherCell.swift */ = {isa = PBXFileReference; fileEncoding = 4; lastKnownFileType = sourcecode.swift; path = WeatherCell.swift; sourceTree = "<group>"; };
		3757DBA91E1B781F00295A6C /* WeatherVC.swift */ = {isa = PBXFileReference; fileEncoding = 4; lastKnownFileType = sourcecode.swift; path = WeatherVC.swift; sourceTree = "<group>"; };
		376C53681E5670050055BE08 /* Myriad Pro Bold.ttf */ = {isa = PBXFileReference; lastKnownFileType = file; path = "Myriad Pro Bold.ttf"; sourceTree = "<group>"; };
		376C53691E5670050055BE08 /* Myriad Pro Italic.ttf */ = {isa = PBXFileReference; lastKnownFileType = file; path = "Myriad Pro Italic.ttf"; sourceTree = "<group>"; };
		376C536A1E5670050055BE08 /* Myriad Pro Regular.ttf */ = {isa = PBXFileReference; lastKnownFileType = file; path = "Myriad Pro Regular.ttf"; sourceTree = "<group>"; };
		376C538F1E5E7D630055BE08 /* NextDaysVC.swift */ = {isa = PBXFileReference; fileEncoding = 4; lastKnownFileType = sourcecode.swift; path = NextDaysVC.swift; sourceTree = "<group>"; };
		376C53911E5E7DED0055BE08 /* TodaysVC.swift */ = {isa = PBXFileReference; fileEncoding = 4; lastKnownFileType = sourcecode.swift; path = TodaysVC.swift; sourceTree = "<group>"; };
		376C54031E666D300055BE08 /* WeatherAPI.swift */ = {isa = PBXFileReference; fileEncoding = 4; lastKnownFileType = sourcecode.swift; path = WeatherAPI.swift; sourceTree = "<group>"; };
		376C54071E666FFB0055BE08 /* WeatherReport.swift */ = {isa = PBXFileReference; fileEncoding = 4; lastKnownFileType = sourcecode.swift; path = WeatherReport.swift; sourceTree = "<group>"; };
		376C54091E6673FA0055BE08 /* WeatherAPI+CurrentWeather.swift */ = {isa = PBXFileReference; fileEncoding = 4; lastKnownFileType = sourcecode.swift; path = "WeatherAPI+CurrentWeather.swift"; sourceTree = "<group>"; };
		376C540B1E667B960055BE08 /* WeatherAPI+Forecast.swift */ = {isa = PBXFileReference; fileEncoding = 4; lastKnownFileType = sourcecode.swift; path = "WeatherAPI+Forecast.swift"; sourceTree = "<group>"; };
		37AA731B1E4821DE00FB94CE /* pt-BR */ = {isa = PBXFileReference; lastKnownFileType = text.plist.strings; name = "pt-BR"; path = "pt-BR.lproj/Main.strings"; sourceTree = "<group>"; };
		37AA731D1E48225B00FB94CE /* pt-BR */ = {isa = PBXFileReference; lastKnownFileType = text.plist.strings; name = "pt-BR"; path = "pt-BR.lproj/Localizable.strings"; sourceTree = "<group>"; };
		37AA73201E48254400FB94CE /* en */ = {isa = PBXFileReference; lastKnownFileType = text.plist.strings; name = en; path = en.lproj/Main.strings; sourceTree = "<group>"; };
		37AA73211E48255C00FB94CE /* en */ = {isa = PBXFileReference; lastKnownFileType = text.plist.strings; name = en; path = en.lproj/Localizable.strings; sourceTree = "<group>"; };
		37CA8DF01E6FBDA400055AFB /* WeatherDetails.swift */ = {isa = PBXFileReference; fileEncoding = 4; lastKnownFileType = sourcecode.swift; path = WeatherDetails.swift; sourceTree = "<group>"; };
		37CA8DF21E6FC02600055AFB /* WeatherAPI+WeatherDetails.swift */ = {isa = PBXFileReference; fileEncoding = 4; lastKnownFileType = sourcecode.swift; path = "WeatherAPI+WeatherDetails.swift"; sourceTree = "<group>"; };
		37E493391E78BD4C002C1885 /* WeatherDetailsVC.swift */ = {isa = PBXFileReference; fileEncoding = 4; lastKnownFileType = sourcecode.swift; path = WeatherDetailsVC.swift; sourceTree = "<group>"; };
		37E4933B1E78C055002C1885 /* InfoDayVC.swift */ = {isa = PBXFileReference; fileEncoding = 4; lastKnownFileType = sourcecode.swift; path = InfoDayVC.swift; sourceTree = "<group>"; };
		37E4933D1E78C075002C1885 /* DetailsDayVC.swift */ = {isa = PBXFileReference; fileEncoding = 4; lastKnownFileType = sourcecode.swift; path = DetailsDayVC.swift; sourceTree = "<group>"; };
		37E493401E7A6CCF002C1885 /* DetailsCell.swift */ = {isa = PBXFileReference; fileEncoding = 4; lastKnownFileType = sourcecode.swift; path = DetailsCell.swift; sourceTree = "<group>"; };
		ABFB0FAB89B5C4012F5C07C8 /* Pods_TimeWeather.framework */ = {isa = PBXFileReference; explicitFileType = wrapper.framework; includeInIndex = 0; path = Pods_TimeWeather.framework; sourceTree = BUILT_PRODUCTS_DIR; };
		DB5CC7EA045BF187F39AA14B /* Pods-TimeWeather.release.xcconfig */ = {isa = PBXFileReference; includeInIndex = 1; lastKnownFileType = text.xcconfig; name = "Pods-TimeWeather.release.xcconfig"; path = "Pods/Target Support Files/Pods-TimeWeather/Pods-TimeWeather.release.xcconfig"; sourceTree = "<group>"; };
		F1E051C8CB56B43F89FEC5DA /* Pods-TimeWeather.debug.xcconfig */ = {isa = PBXFileReference; includeInIndex = 1; lastKnownFileType = text.xcconfig; name = "Pods-TimeWeather.debug.xcconfig"; path = "Pods/Target Support Files/Pods-TimeWeather/Pods-TimeWeather.debug.xcconfig"; sourceTree = "<group>"; };
/* End PBXFileReference section */

/* Begin PBXFrameworksBuildPhase section */
		3757DB891E1B764D00295A6C /* Frameworks */ = {
			isa = PBXFrameworksBuildPhase;
			buildActionMask = 2147483647;
			files = (
				59927C4668657785F230E530 /* Pods_TimeWeather.framework in Frameworks */,
			);
			runOnlyForDeploymentPostprocessing = 0;
		};
/* End PBXFrameworksBuildPhase section */

/* Begin PBXGroup section */
		3757DB831E1B764D00295A6C = {
			isa = PBXGroup;
			children = (
				3757DB8E1E1B764D00295A6C /* TimeWeather */,
				3757DB8D1E1B764D00295A6C /* Products */,
				9CF61B61F40417357A76B4B8 /* Pods */,
				8436835D78E98A6231C77ECD /* Frameworks */,
			);
			sourceTree = "<group>";
		};
		3757DB8D1E1B764D00295A6C /* Products */ = {
			isa = PBXGroup;
			children = (
				3757DB8C1E1B764D00295A6C /* TimeWeather.app */,
			);
			name = Products;
			sourceTree = "<group>";
		};
		3757DB8E1E1B764D00295A6C /* TimeWeather */ = {
			isa = PBXGroup;
			children = (
				376C54021E666D090055BE08 /* Services */,
				376C53FF1E666C500055BE08 /* Models */,
				3757DB8F1E1B764D00295A6C /* AppDelegate.swift */,
				3757DBA91E1B781F00295A6C /* WeatherVC.swift */,
				376C53911E5E7DED0055BE08 /* TodaysVC.swift */,
				376C538F1E5E7D630055BE08 /* NextDaysVC.swift */,
				3757DBA71E1B781300295A6C /* WeatherCell.swift */,
				37E493391E78BD4C002C1885 /* WeatherDetailsVC.swift */,
				37E4933B1E78C055002C1885 /* InfoDayVC.swift */,
				37E4933D1E78C075002C1885 /* DetailsDayVC.swift */,
				37E493401E7A6CCF002C1885 /* DetailsCell.swift */,
				37AA731C1E48225B00FB94CE /* Localizable.strings */,
				3757DB931E1B764D00295A6C /* Main.storyboard */,
				3757DB961E1B764D00295A6C /* Assets.xcassets */,
				376C536B1E5683F20055BE08 /* Fonts */,
				3757DB981E1B764D00295A6C /* LaunchScreen.storyboard */,
				3757DB9B1E1B764D00295A6C /* Info.plist */,
			);
			path = TimeWeather;
			sourceTree = "<group>";
		};
		376C536B1E5683F20055BE08 /* Fonts */ = {
			isa = PBXGroup;
			children = (
				376C536A1E5670050055BE08 /* Myriad Pro Regular.ttf */,
				376C53691E5670050055BE08 /* Myriad Pro Italic.ttf */,
				376C53681E5670050055BE08 /* Myriad Pro Bold.ttf */,
			);
			name = Fonts;
			sourceTree = "<group>";
		};
		376C53FF1E666C500055BE08 /* Models */ = {
			isa = PBXGroup;
			children = (
				376C54071E666FFB0055BE08 /* WeatherReport.swift */,
				3757DBA31E1B780600295A6C /* CurrentWeather.swift */,
				3757DBA51E1B780D00295A6C /* Forecast.swift */,
				37CA8DF01E6FBDA400055AFB /* WeatherDetails.swift */,
			);
			name = Models;
			sourceTree = "<group>";
		};
		376C54021E666D090055BE08 /* Services */ = {
			isa = PBXGroup;
			children = (
				376C54031E666D300055BE08 /* WeatherAPI.swift */,
				376C54091E6673FA0055BE08 /* WeatherAPI+CurrentWeather.swift */,
				376C540B1E667B960055BE08 /* WeatherAPI+Forecast.swift */,
				37CA8DF21E6FC02600055AFB /* WeatherAPI+WeatherDetails.swift */,
			);
			name = Services;
			sourceTree = "<group>";
		};
		8436835D78E98A6231C77ECD /* Frameworks */ = {
			isa = PBXGroup;
			children = (
				ABFB0FAB89B5C4012F5C07C8 /* Pods_TimeWeather.framework */,
			);
			name = Frameworks;
			sourceTree = "<group>";
		};
		9CF61B61F40417357A76B4B8 /* Pods */ = {
			isa = PBXGroup;
			children = (
				F1E051C8CB56B43F89FEC5DA /* Pods-TimeWeather.debug.xcconfig */,
				DB5CC7EA045BF187F39AA14B /* Pods-TimeWeather.release.xcconfig */,
			);
			name = Pods;
			sourceTree = "<group>";
		};
/* End PBXGroup section */

/* Begin PBXNativeTarget section */
		3757DB8B1E1B764D00295A6C /* TimeWeather */ = {
			isa = PBXNativeTarget;
			buildConfigurationList = 3757DB9E1E1B764D00295A6C /* Build configuration list for PBXNativeTarget "TimeWeather" */;
			buildPhases = (
				47CC911ED5C3042D6A0599F8 /* [CP] Check Pods Manifest.lock */,
				3757DB881E1B764D00295A6C /* Sources */,
				3757DB891E1B764D00295A6C /* Frameworks */,
				3757DB8A1E1B764D00295A6C /* Resources */,
				8E5E1018677622717BB28C17 /* [CP] Embed Pods Frameworks */,
				9CD654F03A2EEE61904AEF67 /* [CP] Copy Pods Resources */,
			);
			buildRules = (
			);
			dependencies = (
			);
			name = TimeWeather;
			productName = TimeWeather;
			productReference = 3757DB8C1E1B764D00295A6C /* TimeWeather.app */;
			productType = "com.apple.product-type.application";
		};
/* End PBXNativeTarget section */

/* Begin PBXProject section */
		3757DB841E1B764D00295A6C /* Project object */ = {
			isa = PBXProject;
			attributes = {
				LastSwiftUpdateCheck = 0820;
				LastUpgradeCheck = 0820;
				ORGANIZATIONNAME = "Pedro Altoe Costa";
				TargetAttributes = {
					3757DB8B1E1B764D00295A6C = {
						CreatedOnToolsVersion = 8.2.1;
						DevelopmentTeam = 74L89997SN;
						ProvisioningStyle = Automatic;
					};
				};
			};
			buildConfigurationList = 3757DB871E1B764D00295A6C /* Build configuration list for PBXProject "TimeWeather" */;
			compatibilityVersion = "Xcode 3.2";
			developmentRegion = English;
			hasScannedForEncodings = 0;
			knownRegions = (
				Base,
				"pt-BR",
				en,
			);
			mainGroup = 3757DB831E1B764D00295A6C;
			productRefGroup = 3757DB8D1E1B764D00295A6C /* Products */;
			projectDirPath = "";
			projectRoot = "";
			targets = (
				3757DB8B1E1B764D00295A6C /* TimeWeather */,
			);
		};
/* End PBXProject section */

/* Begin PBXResourcesBuildPhase section */
		3757DB8A1E1B764D00295A6C /* Resources */ = {
			isa = PBXResourcesBuildPhase;
			buildActionMask = 2147483647;
			files = (
				376C536C1E56848E0055BE08 /* Myriad Pro Regular.ttf in Resources */,
				376C536D1E56848E0055BE08 /* Myriad Pro Italic.ttf in Resources */,
				376C536E1E56848E0055BE08 /* Myriad Pro Bold.ttf in Resources */,
				3757DB9A1E1B764D00295A6C /* LaunchScreen.storyboard in Resources */,
				37AA731E1E48225B00FB94CE /* Localizable.strings in Resources */,
				3757DB971E1B764D00295A6C /* Assets.xcassets in Resources */,
				3757DB951E1B764D00295A6C /* Main.storyboard in Resources */,
			);
			runOnlyForDeploymentPostprocessing = 0;
		};
/* End PBXResourcesBuildPhase section */

/* Begin PBXShellScriptBuildPhase section */
		47CC911ED5C3042D6A0599F8 /* [CP] Check Pods Manifest.lock */ = {
			isa = PBXShellScriptBuildPhase;
			buildActionMask = 2147483647;
			files = (
			);
			inputPaths = (
			);
			name = "[CP] Check Pods Manifest.lock";
			outputPaths = (
			);
			runOnlyForDeploymentPostprocessing = 0;
			shellPath = /bin/sh;
			shellScript = "diff \"${PODS_ROOT}/../Podfile.lock\" \"${PODS_ROOT}/Manifest.lock\" > /dev/null\nif [ $? != 0 ] ; then\n    # print error to STDERR\n    echo \"error: The sandbox is not in sync with the Podfile.lock. Run 'pod install' or update your CocoaPods installation.\" >&2\n    exit 1\nfi\n";
			showEnvVarsInLog = 0;
		};
		8E5E1018677622717BB28C17 /* [CP] Embed Pods Frameworks */ = {
			isa = PBXShellScriptBuildPhase;
			buildActionMask = 2147483647;
			files = (
			);
			inputPaths = (
			);
			name = "[CP] Embed Pods Frameworks";
			outputPaths = (
			);
			runOnlyForDeploymentPostprocessing = 0;
			shellPath = /bin/sh;
			shellScript = "\"${SRCROOT}/Pods/Target Support Files/Pods-TimeWeather/Pods-TimeWeather-frameworks.sh\"\n";
			showEnvVarsInLog = 0;
		};
		9CD654F03A2EEE61904AEF67 /* [CP] Copy Pods Resources */ = {
			isa = PBXShellScriptBuildPhase;
			buildActionMask = 2147483647;
			files = (
			);
			inputPaths = (
			);
			name = "[CP] Copy Pods Resources";
			outputPaths = (
			);
			runOnlyForDeploymentPostprocessing = 0;
			shellPath = /bin/sh;
			shellScript = "\"${SRCROOT}/Pods/Target Support Files/Pods-TimeWeather/Pods-TimeWeather-resources.sh\"\n";
			showEnvVarsInLog = 0;
		};
/* End PBXShellScriptBuildPhase section */

/* Begin PBXSourcesBuildPhase section */
		3757DB881E1B764D00295A6C /* Sources */ = {
			isa = PBXSourcesBuildPhase;
			buildActionMask = 2147483647;
			files = (
				3757DBAA1E1B781F00295A6C /* WeatherVC.swift in Sources */,
				376C540A1E6673FA0055BE08 /* WeatherAPI+CurrentWeather.swift in Sources */,
				37E4933A1E78BD4C002C1885 /* WeatherDetailsVC.swift in Sources */,
				3757DB901E1B764D00295A6C /* AppDelegate.swift in Sources */,
				37E493411E7A6CCF002C1885 /* DetailsCell.swift in Sources */,
				37E4933C1E78C055002C1885 /* InfoDayVC.swift in Sources */,
				376C54081E666FFB0055BE08 /* WeatherReport.swift in Sources */,
				376C53901E5E7D630055BE08 /* NextDaysVC.swift in Sources */,
				37CA8DF11E6FBDA400055AFB /* WeatherDetails.swift in Sources */,
				376C540C1E667B960055BE08 /* WeatherAPI+Forecast.swift in Sources */,
				3757DBA81E1B781300295A6C /* WeatherCell.swift in Sources */,
				37E4933E1E78C075002C1885 /* DetailsDayVC.swift in Sources */,
				376C53921E5E7DED0055BE08 /* TodaysVC.swift in Sources */,
				3757DBA41E1B780600295A6C /* CurrentWeather.swift in Sources */,
				376C54041E666D300055BE08 /* WeatherAPI.swift in Sources */,
				3757DBA61E1B780D00295A6C /* Forecast.swift in Sources */,
				37CA8DF31E6FC02600055AFB /* WeatherAPI+WeatherDetails.swift in Sources */,
			);
			runOnlyForDeploymentPostprocessing = 0;
		};
/* End PBXSourcesBuildPhase section */

/* Begin PBXVariantGroup section */
		3757DB931E1B764D00295A6C /* Main.storyboard */ = {
			isa = PBXVariantGroup;
			children = (
				3757DB941E1B764D00295A6C /* Base */,
				37AA731B1E4821DE00FB94CE /* pt-BR */,
				37AA73201E48254400FB94CE /* en */,
			);
			name = Main.storyboard;
			sourceTree = "<group>";
		};
		3757DB981E1B764D00295A6C /* LaunchScreen.storyboard */ = {
			isa = PBXVariantGroup;
			children = (
				3757DB991E1B764D00295A6C /* Base */,
				370CEF341E49856D00D06DBB /* pt-BR */,
			);
			name = LaunchScreen.storyboard;
			sourceTree = "<group>";
		};
		37AA731C1E48225B00FB94CE /* Localizable.strings */ = {
			isa = PBXVariantGroup;
			children = (
				37AA731D1E48225B00FB94CE /* pt-BR */,
				37AA73211E48255C00FB94CE /* en */,
			);
			name = Localizable.strings;
			sourceTree = "<group>";
		};
/* End PBXVariantGroup section */

/* Begin XCBuildConfiguration section */
		3757DB9C1E1B764D00295A6C /* Debug */ = {
			isa = XCBuildConfiguration;
			buildSettings = {
				ALWAYS_SEARCH_USER_PATHS = NO;
				CLANG_ANALYZER_LOCALIZABILITY_NONLOCALIZED = YES;
				CLANG_ANALYZER_NONNULL = YES;
				CLANG_CXX_LANGUAGE_STANDARD = "gnu++0x";
				CLANG_CXX_LIBRARY = "libc++";
				CLANG_ENABLE_MODULES = YES;
				CLANG_ENABLE_OBJC_ARC = YES;
				CLANG_WARN_BOOL_CONVERSION = YES;
				CLANG_WARN_CONSTANT_CONVERSION = YES;
				CLANG_WARN_DIRECT_OBJC_ISA_USAGE = YES_ERROR;
				CLANG_WARN_DOCUMENTATION_COMMENTS = YES;
				CLANG_WARN_EMPTY_BODY = YES;
				CLANG_WARN_ENUM_CONVERSION = YES;
				CLANG_WARN_INFINITE_RECURSION = YES;
				CLANG_WARN_INT_CONVERSION = YES;
				CLANG_WARN_OBJC_ROOT_CLASS = YES_ERROR;
				CLANG_WARN_SUSPICIOUS_MOVE = YES;
				CLANG_WARN_UNREACHABLE_CODE = YES;
				CLANG_WARN__DUPLICATE_METHOD_MATCH = YES;
				"CODE_SIGN_IDENTITY[sdk=iphoneos*]" = "iPhone Developer";
				COPY_PHASE_STRIP = NO;
				DEBUG_INFORMATION_FORMAT = dwarf;
				ENABLE_STRICT_OBJC_MSGSEND = YES;
				ENABLE_TESTABILITY = YES;
				GCC_C_LANGUAGE_STANDARD = gnu99;
				GCC_DYNAMIC_NO_PIC = NO;
				GCC_NO_COMMON_BLOCKS = YES;
				GCC_OPTIMIZATION_LEVEL = 0;
				GCC_PREPROCESSOR_DEFINITIONS = (
					"DEBUG=1",
					"$(inherited)",
				);
				GCC_WARN_64_TO_32_BIT_CONVERSION = YES;
				GCC_WARN_ABOUT_RETURN_TYPE = YES_ERROR;
				GCC_WARN_UNDECLARED_SELECTOR = YES;
				GCC_WARN_UNINITIALIZED_AUTOS = YES_AGGRESSIVE;
				GCC_WARN_UNUSED_FUNCTION = YES;
				GCC_WARN_UNUSED_VARIABLE = YES;
				IPHONEOS_DEPLOYMENT_TARGET = 10.2;
				MTL_ENABLE_DEBUG_INFO = YES;
				ONLY_ACTIVE_ARCH = YES;
				SDKROOT = iphoneos;
				SWIFT_ACTIVE_COMPILATION_CONDITIONS = DEBUG;
				SWIFT_OPTIMIZATION_LEVEL = "-Onone";
				TARGETED_DEVICE_FAMILY = "1,2";
			};
			name = Debug;
		};
		3757DB9D1E1B764D00295A6C /* Release */ = {
			isa = XCBuildConfiguration;
			buildSettings = {
				ALWAYS_SEARCH_USER_PATHS = NO;
				CLANG_ANALYZER_LOCALIZABILITY_NONLOCALIZED = YES;
				CLANG_ANALYZER_NONNULL = YES;
				CLANG_CXX_LANGUAGE_STANDARD = "gnu++0x";
				CLANG_CXX_LIBRARY = "libc++";
				CLANG_ENABLE_MODULES = YES;
				CLANG_ENABLE_OBJC_ARC = YES;
				CLANG_WARN_BOOL_CONVERSION = YES;
				CLANG_WARN_CONSTANT_CONVERSION = YES;
				CLANG_WARN_DIRECT_OBJC_ISA_USAGE = YES_ERROR;
				CLANG_WARN_DOCUMENTATION_COMMENTS = YES;
				CLANG_WARN_EMPTY_BODY = YES;
				CLANG_WARN_ENUM_CONVERSION = YES;
				CLANG_WARN_INFINITE_RECURSION = YES;
				CLANG_WARN_INT_CONVERSION = YES;
				CLANG_WARN_OBJC_ROOT_CLASS = YES_ERROR;
				CLANG_WARN_SUSPICIOUS_MOVE = YES;
				CLANG_WARN_UNREACHABLE_CODE = YES;
				CLANG_WARN__DUPLICATE_METHOD_MATCH = YES;
				"CODE_SIGN_IDENTITY[sdk=iphoneos*]" = "iPhone Developer";
				COPY_PHASE_STRIP = NO;
				DEBUG_INFORMATION_FORMAT = "dwarf-with-dsym";
				ENABLE_NS_ASSERTIONS = NO;
				ENABLE_STRICT_OBJC_MSGSEND = YES;
				GCC_C_LANGUAGE_STANDARD = gnu99;
				GCC_NO_COMMON_BLOCKS = YES;
				GCC_WARN_64_TO_32_BIT_CONVERSION = YES;
				GCC_WARN_ABOUT_RETURN_TYPE = YES_ERROR;
				GCC_WARN_UNDECLARED_SELECTOR = YES;
				GCC_WARN_UNINITIALIZED_AUTOS = YES_AGGRESSIVE;
				GCC_WARN_UNUSED_FUNCTION = YES;
				GCC_WARN_UNUSED_VARIABLE = YES;
				IPHONEOS_DEPLOYMENT_TARGET = 10.2;
				MTL_ENABLE_DEBUG_INFO = NO;
				SDKROOT = iphoneos;
				SWIFT_OPTIMIZATION_LEVEL = "-Owholemodule";
				TARGETED_DEVICE_FAMILY = "1,2";
				VALIDATE_PRODUCT = YES;
			};
			name = Release;
		};
		3757DB9F1E1B764D00295A6C /* Debug */ = {
			isa = XCBuildConfiguration;
			baseConfigurationReference = F1E051C8CB56B43F89FEC5DA /* Pods-TimeWeather.debug.xcconfig */;
			buildSettings = {
				ALWAYS_EMBED_SWIFT_STANDARD_LIBRARIES = YES;
				ASSETCATALOG_COMPILER_APPICON_NAME = AppIcon;
				DEVELOPMENT_TEAM = 74L89997SN;
				INFOPLIST_FILE = TimeWeather/Info.plist;
				LD_RUNPATH_SEARCH_PATHS = "$(inherited) @executable_path/Frameworks";
				PRODUCT_BUNDLE_IDENTIFIER = "Pedros-s-Enterprise.TimeWeather";
				PRODUCT_NAME = "$(TARGET_NAME)";
				SWIFT_VERSION = 3.0;
			};
			name = Debug;
		};
		3757DBA01E1B764D00295A6C /* Release */ = {
			isa = XCBuildConfiguration;
			baseConfigurationReference = DB5CC7EA045BF187F39AA14B /* Pods-TimeWeather.release.xcconfig */;
			buildSettings = {
				ALWAYS_EMBED_SWIFT_STANDARD_LIBRARIES = YES;
				ASSETCATALOG_COMPILER_APPICON_NAME = AppIcon;
				DEVELOPMENT_TEAM = 74L89997SN;
				INFOPLIST_FILE = TimeWeather/Info.plist;
				LD_RUNPATH_SEARCH_PATHS = "$(inherited) @executable_path/Frameworks";
				PRODUCT_BUNDLE_IDENTIFIER = "Pedros-s-Enterprise.TimeWeather";
				PRODUCT_NAME = "$(TARGET_NAME)";
				SWIFT_VERSION = 3.0;
			};
			name = Release;
		};
/* End XCBuildConfiguration section */

/* Begin XCConfigurationList section */
		3757DB871E1B764D00295A6C /* Build configuration list for PBXProject "TimeWeather" */ = {
			isa = XCConfigurationList;
			buildConfigurations = (
				3757DB9C1E1B764D00295A6C /* Debug */,
				3757DB9D1E1B764D00295A6C /* Release */,
			);
			defaultConfigurationIsVisible = 0;
			defaultConfigurationName = Release;
		};
		3757DB9E1E1B764D00295A6C /* Build configuration list for PBXNativeTarget "TimeWeather" */ = {
			isa = XCConfigurationList;
			buildConfigurations = (
				3757DB9F1E1B764D00295A6C /* Debug */,
				3757DBA01E1B764D00295A6C /* Release */,
			);
			defaultConfigurationIsVisible = 0;
			defaultConfigurationName = Release;
		};
/* End XCConfigurationList section */
	};
	rootObject = 3757DB841E1B764D00295A6C /* Project object */;
}
